
Microsoft Visual Studio Solution File, Format Version 12.00
# Visual Studio Version 17
VisualStudioVersion = 17.14.36414.22 d17.14
MinimumVisualStudioVersion = 10.0.40219.1
Project("{FAE04EC0-301F-11D3-BF4B-00C04F79EFBC}") = "Task_1", "Task_1\Task_1.csproj", "{04CECC3B-0E49-4B24-974C-5D103C797272}"
EndProject
Project("{FAE04EC0-301F-11D3-BF4B-00C04F79EFBC}") = "Task_2", "Task_2\Task_2.csproj", "{5BB15A59-7ADE-4CF1-A435-33447415EF82}"
EndProject
Project("{FAE04EC0-301F-11D3-BF4B-00C04F79EFBC}") = "Task_3", "Task_3\Task_3.csproj", "{895D0A6D-044D-4093-AB56-0D665774F749}"
EndProject
Project("{FAE04EC0-301F-11D3-BF4B-00C04F79EFBC}") = "Task_4", "Task_4\Task_4.csproj", "{D2A74E49-661F-4B72-A258-94FC9B3E75F1}"
EndProject
Global
	GlobalSection(SolutionConfigurationPlatforms) = preSolution
		Debug|Any CPU = Debug|Any CPU
		Release|Any CPU = Release|Any CPU
	EndGlobalSection
	GlobalSection(ProjectConfigurationPlatforms) = postSolution
		{04CECC3B-0E49-4B24-974C-5D103C797272}.Debug|Any CPU.ActiveCfg = Debug|Any CPU
		{04CECC3B-0E49-4B24-974C-5D103C797272}.Debug|Any CPU.Build.0 = Debug|Any CPU
		{04CECC3B-0E49-4B24-974C-5D103C797272}.Release|Any CPU.ActiveCfg = Release|Any CPU
		{04CECC3B-0E49-4B24-974C-5D103C797272}.Release|Any CPU.Build.0 = Release|Any CPU
		{5BB15A59-7ADE-4CF1-A435-33447415EF82}.Debug|Any CPU.ActiveCfg = Debug|Any CPU
		{5BB15A59-7ADE-4CF1-A435-33447415EF82}.Debug|Any CPU.Build.0 = Debug|Any CPU
		{5BB15A59-7ADE-4CF1-A435-33447415EF82}.Release|Any CPU.ActiveCfg = Release|Any CPU
		{5BB15A59-7ADE-4CF1-A435-33447415EF82}.Release|Any CPU.Build.0 = Release|Any CPU
		{895D0A6D-044D-4093-AB56-0D665774F749}.Debug|Any CPU.ActiveCfg = Debug|Any CPU
		{895D0A6D-044D-4093-AB56-0D665774F749}.Debug|Any CPU.Build.0 = Debug|Any CPU
		{895D0A6D-044D-4093-AB56-0D665774F749}.Release|Any CPU.ActiveCfg = Release|Any CPU
		{895D0A6D-044D-4093-AB56-0D665774F749}.Release|Any CPU.Build.0 = Release|Any CPU
		{D2A74E49-661F-4B72-A258-94FC9B3E75F1}.Debug|Any CPU.ActiveCfg = Debug|Any CPU
		{D2A74E49-661F-4B72-A258-94FC9B3E75F1}.Debug|Any CPU.Build.0 = Debug|Any CPU
		{D2A74E49-661F-4B72-A258-94FC9B3E75F1}.Release|Any CPU.ActiveCfg = Release|Any CPU
		{D2A74E49-661F-4B72-A258-94FC9B3E75F1}.Release|Any CPU.Build.0 = Release|Any CPU
	EndGlobalSection
	GlobalSection(SolutionProperties) = preSolution
		HideSolutionNode = FALSE
	EndGlobalSection
	GlobalSection(ExtensibilityGlobals) = postSolution
		SolutionGuid = {F533CBB6-45F2-4089-BEA8-C128D4996653}
	EndGlobalSection
EndGlobal
