
Microsoft Visual Studio Solution File, Format Version 12.00
# Visual Studio Version 17
VisualStudioVersion = 17.14.36414.22 d17.14
MinimumVisualStudioVersion = 10.0.40219.1
Project("{FAE04EC0-301F-11D3-BF4B-00C04F79EFBC}") = "Task_1", "Task_1\Task_1.csproj", "{3C9000F4-C995-40D4-89C6-CEE7D918E337}"
EndProject
Project("{FAE04EC0-301F-11D3-BF4B-00C04F79EFBC}") = "Task_2", "Task_2\Task_2.csproj", "{EC9CC462-D829-487F-B8F7-5B1C0B97B997}"
EndProject
Project("{FAE04EC0-301F-11D3-BF4B-00C04F79EFBC}") = "Task_3", "Task_3\Task_3.csproj", "{446E128C-2650-4A6A-9028-2207C30EDB82}"
EndProject
Global
	GlobalSection(SolutionConfigurationPlatforms) = preSolution
		Debug|Any CPU = Debug|Any CPU
		Release|Any CPU = Release|Any CPU
	EndGlobalSection
	GlobalSection(ProjectConfigurationPlatforms) = postSolution
		{3C9000F4-C995-40D4-89C6-CEE7D918E337}.Debug|Any CPU.ActiveCfg = Debug|Any CPU
		{3C9000F4-C995-40D4-89C6-CEE7D918E337}.Debug|Any CPU.Build.0 = Debug|Any CPU
		{3C9000F4-C995-40D4-89C6-CEE7D918E337}.Release|Any CPU.ActiveCfg = Release|Any CPU
		{3C9000F4-C995-40D4-89C6-CEE7D918E337}.Release|Any CPU.Build.0 = Release|Any CPU
		{EC9CC462-D829-487F-B8F7-5B1C0B97B997}.Debug|Any CPU.ActiveCfg = Debug|Any CPU
		{EC9CC462-D829-487F-B8F7-5B1C0B97B997}.Debug|Any CPU.Build.0 = Debug|Any CPU
		{EC9CC462-D829-487F-B8F7-5B1C0B97B997}.Release|Any CPU.ActiveCfg = Release|Any CPU
		{EC9CC462-D829-487F-B8F7-5B1C0B97B997}.Release|Any CPU.Build.0 = Release|Any CPU
		{446E128C-2650-4A6A-9028-2207C30EDB82}.Debug|Any CPU.ActiveCfg = Debug|Any CPU
		{446E128C-2650-4A6A-9028-2207C30EDB82}.Debug|Any CPU.Build.0 = Debug|Any CPU
		{446E128C-2650-4A6A-9028-2207C30EDB82}.Release|Any CPU.ActiveCfg = Release|Any CPU
		{446E128C-2650-4A6A-9028-2207C30EDB82}.Release|Any CPU.Build.0 = Release|Any CPU
	EndGlobalSection
	GlobalSection(SolutionProperties) = preSolution
		HideSolutionNode = FALSE
	EndGlobalSection
	GlobalSection(ExtensibilityGlobals) = postSolution
		SolutionGuid = {79BFE673-4661-498C-BA28-345C8B691312}
	EndGlobalSection
EndGlobal
