
Microsoft Visual Studio Solution File, Format Version 12.00
# Visual Studio Version 17
VisualStudioVersion = 17.14.36414.22
MinimumVisualStudioVersion = 10.0.40219.1
Project("{FAE04EC0-301F-11D3-BF4B-00C04F79EFBC}") = "Task_1", "Task_1\Task_1.csproj", "{628665DC-5DEE-49AF-8743-48F920616B5E}"
EndProject
Project("{FAE04EC0-301F-11D3-BF4B-00C04F79EFBC}") = "Task_2", "Task_2\Task_2.csproj", "{C5881F32-4531-4B83-BCC4-F793639D49D8}"
EndProject
Project("{FAE04EC0-301F-11D3-BF4B-00C04F79EFBC}") = "Task_3", "Task_3\Task_3.csproj", "{FBBC9C5A-C8A4-4591-8DDC-809D31991933}"
EndProject
Project("{FAE04EC0-301F-11D3-BF4B-00C04F79EFBC}") = "Task_4", "Task_4\Task_4.csproj", "{D952332C-AB2B-4A7B-80EF-979F65D99FA4}"
EndProject
Project("{FAE04EC0-301F-11D3-BF4B-00C04F79EFBC}") = "Task_5", "Task_5\Task_5.csproj", "{9DC7F136-E32E-48ED-8A62-EB6007EEDA8B}"
EndProject
Project("{FAE04EC0-301F-11D3-BF4B-00C04F79EFBC}") = "Task_6", "Task_6\Task_6.csproj", "{C0D54E7D-E272-46BB-AA40-40FA940C0A0E}"
EndProject
Project("{FAE04EC0-301F-11D3-BF4B-00C04F79EFBC}") = "Task_7", "Task_7\Task_7.csproj", "{3A684377-517A-4880-86FE-46ABE8AFCB06}"
EndProject
Project("{FAE04EC0-301F-11D3-BF4B-00C04F79EFBC}") = "Task_8", "Task_8\Task_8.csproj", "{D41D5948-52D0-4C69-9CC6-4B44482B82B4}"
EndProject
Global
	GlobalSection(SolutionConfigurationPlatforms) = preSolution
		Debug|Any CPU = Debug|Any CPU
		Release|Any CPU = Release|Any CPU
	EndGlobalSection
	GlobalSection(ProjectConfigurationPlatforms) = postSolution
		{628665DC-5DEE-49AF-8743-48F920616B5E}.Debug|Any CPU.ActiveCfg = Debug|Any CPU
		{628665DC-5DEE-49AF-8743-48F920616B5E}.Debug|Any CPU.Build.0 = Debug|Any CPU
		{628665DC-5DEE-49AF-8743-48F920616B5E}.Release|Any CPU.ActiveCfg = Release|Any CPU
		{628665DC-5DEE-49AF-8743-48F920616B5E}.Release|Any CPU.Build.0 = Release|Any CPU
		{C5881F32-4531-4B83-BCC4-F793639D49D8}.Debug|Any CPU.ActiveCfg = Debug|Any CPU
		{C5881F32-4531-4B83-BCC4-F793639D49D8}.Debug|Any CPU.Build.0 = Debug|Any CPU
		{C5881F32-4531-4B83-BCC4-F793639D49D8}.Release|Any CPU.ActiveCfg = Release|Any CPU
		{C5881F32-4531-4B83-BCC4-F793639D49D8}.Release|Any CPU.Build.0 = Release|Any CPU
		{FBBC9C5A-C8A4-4591-8DDC-809D31991933}.Debug|Any CPU.ActiveCfg = Debug|Any CPU
		{FBBC9C5A-C8A4-4591-8DDC-809D31991933}.Debug|Any CPU.Build.0 = Debug|Any CPU
		{FBBC9C5A-C8A4-4591-8DDC-809D31991933}.Release|Any CPU.ActiveCfg = Release|Any CPU
		{FBBC9C5A-C8A4-4591-8DDC-809D31991933}.Release|Any CPU.Build.0 = Release|Any CPU
		{D952332C-AB2B-4A7B-80EF-979F65D99FA4}.Debug|Any CPU.ActiveCfg = Debug|Any CPU
		{D952332C-AB2B-4A7B-80EF-979F65D99FA4}.Debug|Any CPU.Build.0 = Debug|Any CPU
		{D952332C-AB2B-4A7B-80EF-979F65D99FA4}.Release|Any CPU.ActiveCfg = Release|Any CPU
		{D952332C-AB2B-4A7B-80EF-979F65D99FA4}.Release|Any CPU.Build.0 = Release|Any CPU
		{9DC7F136-E32E-48ED-8A62-EB6007EEDA8B}.Debug|Any CPU.ActiveCfg = Debug|Any CPU
		{9DC7F136-E32E-48ED-8A62-EB6007EEDA8B}.Debug|Any CPU.Build.0 = Debug|Any CPU
		{9DC7F136-E32E-48ED-8A62-EB6007EEDA8B}.Release|Any CPU.ActiveCfg = Release|Any CPU
		{9DC7F136-E32E-48ED-8A62-EB6007EEDA8B}.Release|Any CPU.Build.0 = Release|Any CPU
		{C0D54E7D-E272-46BB-AA40-40FA940C0A0E}.Debug|Any CPU.ActiveCfg = Debug|Any CPU
		{C0D54E7D-E272-46BB-AA40-40FA940C0A0E}.Debug|Any CPU.Build.0 = Debug|Any CPU
		{C0D54E7D-E272-46BB-AA40-40FA940C0A0E}.Release|Any CPU.ActiveCfg = Release|Any CPU
		{C0D54E7D-E272-46BB-AA40-40FA940C0A0E}.Release|Any CPU.Build.0 = Release|Any CPU
		{3A684377-517A-4880-86FE-46ABE8AFCB06}.Debug|Any CPU.ActiveCfg = Debug|Any CPU
		{3A684377-517A-4880-86FE-46ABE8AFCB06}.Debug|Any CPU.Build.0 = Debug|Any CPU
		{3A684377-517A-4880-86FE-46ABE8AFCB06}.Release|Any CPU.ActiveCfg = Release|Any CPU
		{3A684377-517A-4880-86FE-46ABE8AFCB06}.Release|Any CPU.Build.0 = Release|Any CPU
		{D41D5948-52D0-4C69-9CC6-4B44482B82B4}.Debug|Any CPU.ActiveCfg = Debug|Any CPU
		{D41D5948-52D0-4C69-9CC6-4B44482B82B4}.Debug|Any CPU.Build.0 = Debug|Any CPU
		{D41D5948-52D0-4C69-9CC6-4B44482B82B4}.Release|Any CPU.ActiveCfg = Release|Any CPU
		{D41D5948-52D0-4C69-9CC6-4B44482B82B4}.Release|Any CPU.Build.0 = Release|Any CPU
	EndGlobalSection
	GlobalSection(SolutionProperties) = preSolution
		HideSolutionNode = FALSE
	EndGlobalSection
	GlobalSection(ExtensibilityGlobals) = postSolution
		SolutionGuid = {463F406D-1564-46D1-A622-10BB589D3A4D}
	EndGlobalSection
EndGlobal
